
Microsoft Visual Studio Solution File, Format Version 12.00
# Visual Studio 15
VisualStudioVersion = 15.0.26730.12
MinimumVisualStudioVersion = 10.0.40219.1
Project("{9092AA53-FB77-4645-B42D-1CCCA6BD08BD}") = "realive", "realive.njsproj", "{50614EFA-5C1D-4FB8-AE76-7BA4A4FD6306}"
EndProject
Global
	GlobalSection(SolutionConfigurationPlatforms) = preSolution
		Debug|Any CPU = Debug|Any CPU
		Release|Any CPU = Release|Any CPU
	EndGlobalSection
	GlobalSection(ProjectConfigurationPlatforms) = postSolution
		{50614EFA-5C1D-4FB8-AE76-7BA4A4FD6306}.Debug|Any CPU.ActiveCfg = Debug|Any CPU
		{50614EFA-5C1D-4FB8-AE76-7BA4A4FD6306}.Debug|Any CPU.Build.0 = Debug|Any CPU
		{50614EFA-5C1D-4FB8-AE76-7BA4A4FD6306}.Release|Any CPU.ActiveCfg = Release|Any CPU
		{50614EFA-5C1D-4FB8-AE76-7BA4A4FD6306}.Release|Any CPU.Build.0 = Release|Any CPU
	EndGlobalSection
	GlobalSection(SolutionProperties) = preSolution
		HideSolutionNode = FALSE
	EndGlobalSection
	GlobalSection(ExtensibilityGlobals) = postSolution
		SolutionGuid = {48E4C054-972A-482A-A86F-1E86F4100902}
	EndGlobalSection
EndGlobal
